
Microsoft Visual Studio Solution File, Format Version 12.00
# Visual Studio 15
Project("{FAE04EC0-301F-11D3-BF4B-00C04F79EFBC}") = "SaaSMobile", "SaaSMobile\SaaSMobile.csproj", "{ECDCCB5F-34EC-47E7-8EE9-B0EB1CFC61FD}"
EndProject
Global
	GlobalSection(SolutionConfigurationPlatforms) = preSolution
		Debug|Any CPU = Debug|Any CPU
		Release|Any CPU = Release|Any CPU
	EndGlobalSection
	GlobalSection(ProjectConfigurationPlatforms) = postSolution
		{ECDCCB5F-34EC-47E7-8EE9-B0EB1CFC61FD}.Debug|Any CPU.ActiveCfg = Debug|Any CPU
		{ECDCCB5F-34EC-47E7-8EE9-B0EB1CFC61FD}.Debug|Any CPU.Build.0 = Debug|Any CPU
		{ECDCCB5F-34EC-47E7-8EE9-B0EB1CFC61FD}.Release|Any CPU.ActiveCfg = Release|Any CPU
		{ECDCCB5F-34EC-47E7-8EE9-B0EB1CFC61FD}.Release|Any CPU.Build.0 = Release|Any CPU
	EndGlobalSection
EndGlobal
